
Microsoft Visual Studio Solution File, Format Version 12.00
# Visual Studio Version 17
VisualStudioVersion = 17.14.36202.13
MinimumVisualStudioVersion = 10.0.40219.1
Project("{2150E333-8FDC-42A3-9474-1A3956D46DE8}") = "Services", "Services", "{44662C1F-95F9-4244-B868-D4F0044EE4B5}"
EndProject
Project("{2150E333-8FDC-42A3-9474-1A3956D46DE8}") = "Authentication", "Authentication", "{0C046455-CDDA-8D0C-442B-9D0E47D8E6F9}"
EndProject
Project("{FAE04EC0-301F-11D3-BF4B-00C04F79EFBC}") = "Authentication.Application", "Services\Authentication\Authentication.Application\Authentication.Application.csproj", "{B40A1CBD-133A-45BA-9B76-E24DBE56394C}"
EndProject
Project("{FAE04EC0-301F-11D3-BF4B-00C04F79EFBC}") = "Authentication.Domain", "Services\Authentication\Authentication.Domain\Authentication.Domain.csproj", "{4980D894-6352-4941-B724-37CB3B32F4AF}"
EndProject
Project("{FAE04EC0-301F-11D3-BF4B-00C04F79EFBC}") = "Authentication.Infrastructure", "Services\Authentication\Authentication.Infrastructure\Authentication.Infrastructure.csproj", "{AF967067-FDCE-4613-AA96-4604AB64AF9F}"
EndProject
Project("{FAE04EC0-301F-11D3-BF4B-00C04F79EFBC}") = "Authentication.Presentation", "Services\Authentication\Authentication.Presentation\Authentication.Presentation.csproj", "{B2503F3C-AA8B-44F8-938D-248FD2A2144F}"
EndProject
Project("{2150E333-8FDC-42A3-9474-1A3956D46DE8}") = "Finance", "Finance", "{F733B617-E3B8-CD75-5EDA-218DD467D7A6}"
EndProject
Project("{FAE04EC0-301F-11D3-BF4B-00C04F79EFBC}") = "Finance.Application", "Services\Finance\Finance.Application\Finance.Application.csproj", "{80624F27-E1CD-42C7-BE24-C4D72D8888AF}"
EndProject
Project("{FAE04EC0-301F-11D3-BF4B-00C04F79EFBC}") = "Finance.Domain", "Services\Finance\Finance.Domain\Finance.Domain.csproj", "{640CE1F7-3F4D-4F90-B954-6E36AB2FC9F7}"
EndProject
Project("{FAE04EC0-301F-11D3-BF4B-00C04F79EFBC}") = "Finance.Infrastructure", "Services\Finance\Finance.Infrastructure\Finance.Infrastructure.csproj", "{A7F36C0D-5A14-4F5C-B7E7-9805BDEFED17}"
EndProject
Project("{FAE04EC0-301F-11D3-BF4B-00C04F79EFBC}") = "Finance.Presentation", "Services\Finance\Finance.Presentation\Finance.Presentation.csproj", "{957ED040-72B5-4500-B8C2-1E9FD796E5BC}"
EndProject
Project("{2150E333-8FDC-42A3-9474-1A3956D46DE8}") = "Inventory", "Inventory", "{CAC61C66-F70D-6EED-1762-BBD8FABF8735}"
EndProject
Project("{FAE04EC0-301F-11D3-BF4B-00C04F79EFBC}") = "Inventory.Application", "Services\Inventory\Inventory.Application\Inventory.Application.csproj", "{4ADF632C-119D-4430-BF37-889E7A31CA7C}"
EndProject
Project("{FAE04EC0-301F-11D3-BF4B-00C04F79EFBC}") = "Inventory.Domain", "Services\Inventory\Inventory.Domain\Inventory.Domain.csproj", "{DCFB89B2-CAEC-49B9-B677-C159263E4601}"
EndProject
Project("{FAE04EC0-301F-11D3-BF4B-00C04F79EFBC}") = "Inventory.Infrastructure", "Services\Inventory\Inventory.Infrastructure\Inventory.Infrastructure.csproj", "{B6461B9C-48AD-4367-B689-2BD5FF305F01}"
EndProject
Project("{FAE04EC0-301F-11D3-BF4B-00C04F79EFBC}") = "Inventory.Presentation", "Services\Inventory\Inventory.Presentation\Inventory.Presentation.csproj", "{E7C2C69B-62A0-43EA-9A4E-AA1EC114EF7E}"
EndProject
Project("{2150E333-8FDC-42A3-9474-1A3956D46DE8}") = "System", "System", "{6DFB7448-6A58-F2E3-4861-FA3695C93604}"
EndProject
Project("{FAE04EC0-301F-11D3-BF4B-00C04F79EFBC}") = "System.Application", "Services\System\System.Application\System.Application.csproj", "{8466E813-C0EA-48F5-B5AD-E01A00DD7574}"
EndProject
Project("{FAE04EC0-301F-11D3-BF4B-00C04F79EFBC}") = "System.Domain", "Services\System\System.Domain\System.Domain.csproj", "{16FF2C5A-3766-43E8-B55C-74C39F3A5E1F}"
EndProject
Project("{FAE04EC0-301F-11D3-BF4B-00C04F79EFBC}") = "System.Infrastructure", "Services\System\System.Infrastructure\System.Infrastructure.csproj", "{E3B33953-3CB2-4C57-8CA1-7A94E1686C9A}"
EndProject
Project("{FAE04EC0-301F-11D3-BF4B-00C04F79EFBC}") = "System.Presentation", "Services\System\System.Presentation\System.Presentation.csproj", "{D306840B-378A-4BA2-9187-A78199C31DC7}"
EndProject
Project("{2150E333-8FDC-42A3-9474-1A3956D46DE8}") = "Gateway", "Gateway", "{399C2832-3AC9-4693-919B-1A5981C1D9D0}"
EndProject
Project("{FAE04EC0-301F-11D3-BF4B-00C04F79EFBC}") = "GatewayAPI", "GatewayAPI\GatewayAPI.csproj", "{BC5FDECA-D045-4B74-BBB3-C1CA13D14EF8}"
EndProject
Project("{2150E333-8FDC-42A3-9474-1A3956D46DE8}") = "Purchase", "Purchase", "{638B8440-B671-B492-4B0F-4E9A77FC8FFD}"
EndProject
Project("{FAE04EC0-301F-11D3-BF4B-00C04F79EFBC}") = "Purchase.Domain", "Services\Purchase\Purchase.Domain\Purchase.Domain.csproj", "{8D11B9F6-2961-4AC1-A93F-9EF7017AEA1B}"
EndProject
Project("{FAE04EC0-301F-11D3-BF4B-00C04F79EFBC}") = "Purchase.Application", "Services\Purchase\Purchase.Application\Purchase.Application.csproj", "{A7929D3C-A077-4C4C-B535-53C69DD46946}"
EndProject
Project("{FAE04EC0-301F-11D3-BF4B-00C04F79EFBC}") = "Purchase.Infrastructure", "Services\Purchase\Purchase.Infrastructure\Purchase.Infrastructure.csproj", "{558A836A-2BF3-4AC7-B98A-A3799BCD430E}"
EndProject
Project("{FAE04EC0-301F-11D3-BF4B-00C04F79EFBC}") = "Purchase.Presentation", "Services\Purchase\Purchase.Presentation\Purchase.Presentation.csproj", "{DDF168A9-BCA2-4740-9DA5-3A6C89CC1BA1}"
EndProject
Project("{2150E333-8FDC-42A3-9474-1A3956D46DE8}") = "Logistics", "Logistics", "{E5C7C548-DB89-D0CD-7A06-B5A187FC7B31}"
EndProject
Project("{FAE04EC0-301F-11D3-BF4B-00C04F79EFBC}") = "Logistics.Domain", "Services\Logistics\Logistics.Domain\Logistics.Domain.csproj", "{8F8FBC06-7CAA-4890-BA55-2C360BF11F87}"
EndProject
Project("{FAE04EC0-301F-11D3-BF4B-00C04F79EFBC}") = "Logistics.Application", "Services\Logistics\Logistics.Application\Logistics.Application.csproj", "{870551CD-9FC7-400A-B5AA-B09D89137739}"
EndProject
Project("{FAE04EC0-301F-11D3-BF4B-00C04F79EFBC}") = "Logistics.Infrastructure", "Services\Logistics\Logistics.Infrastructure\Logistics.Infrastructure.csproj", "{79704482-40B5-4212-B633-34ACB3D11E70}"
EndProject
Project("{FAE04EC0-301F-11D3-BF4B-00C04F79EFBC}") = "Logistics.Presentation", "Services\Logistics\Logistics.Presentation\Logistics.Presentation.csproj", "{8F67E41C-24D9-474C-9696-A6B613A8B343}"
EndProject
Project("{2150E333-8FDC-42A3-9474-1A3956D46DE8}") = "Notification", "Notification", "{F9CD5A98-90B8-2F8C-2EC0-857EF438A219}"
EndProject
Project("{FAE04EC0-301F-11D3-BF4B-00C04F79EFBC}") = "Notification.Domain", "Services\Notification\Notification.Domain\Notification.Domain.csproj", "{38B2DC42-A00D-4687-8EC4-4B4D72D8C2D6}"
EndProject
Project("{FAE04EC0-301F-11D3-BF4B-00C04F79EFBC}") = "Notification.Application", "Services\Notification\Notification.Application\Notification.Application.csproj", "{B8B59E29-D651-4F3A-B12D-324CA21988CF}"
EndProject
Project("{FAE04EC0-301F-11D3-BF4B-00C04F79EFBC}") = "Notification.Infrastructure", "Services\Notification\Notification.Infrastructure\Notification.Infrastructure.csproj", "{2ACF1CC9-E1FB-473F-8C48-D39C78D07C9B}"
EndProject
Project("{FAE04EC0-301F-11D3-BF4B-00C04F79EFBC}") = "Notification.Presentation", "Services\Notification\Notification.Presentation\Notification.Presentation.csproj", "{676F2A26-E456-445A-B8B4-EB4DB4110241}"
EndProject
Project("{FAE04EC0-301F-11D3-BF4B-00C04F79EFBC}") = "BuildingBlocks", "BuildingBlocks\BuildingBlocks.csproj", "{99C44A08-78CD-49A3-9D19-018259EA9118}"
EndProject
Global
	GlobalSection(SolutionConfigurationPlatforms) = preSolution
		Debug|Any CPU = Debug|Any CPU
		Debug|x64 = Debug|x64
		Debug|x86 = Debug|x86
		Release|Any CPU = Release|Any CPU
		Release|x64 = Release|x64
		Release|x86 = Release|x86
	EndGlobalSection
	GlobalSection(ProjectConfigurationPlatforms) = postSolution
		{B40A1CBD-133A-45BA-9B76-E24DBE56394C}.Debug|Any CPU.ActiveCfg = Debug|Any CPU
		{B40A1CBD-133A-45BA-9B76-E24DBE56394C}.Debug|Any CPU.Build.0 = Debug|Any CPU
		{B40A1CBD-133A-45BA-9B76-E24DBE56394C}.Debug|x64.ActiveCfg = Debug|Any CPU
		{B40A1CBD-133A-45BA-9B76-E24DBE56394C}.Debug|x64.Build.0 = Debug|Any CPU
		{B40A1CBD-133A-45BA-9B76-E24DBE56394C}.Debug|x86.ActiveCfg = Debug|Any CPU
		{B40A1CBD-133A-45BA-9B76-E24DBE56394C}.Debug|x86.Build.0 = Debug|Any CPU
		{B40A1CBD-133A-45BA-9B76-E24DBE56394C}.Release|Any CPU.ActiveCfg = Release|Any CPU
		{B40A1CBD-133A-45BA-9B76-E24DBE56394C}.Release|Any CPU.Build.0 = Release|Any CPU
		{B40A1CBD-133A-45BA-9B76-E24DBE56394C}.Release|x64.ActiveCfg = Release|Any CPU
		{B40A1CBD-133A-45BA-9B76-E24DBE56394C}.Release|x64.Build.0 = Release|Any CPU
		{B40A1CBD-133A-45BA-9B76-E24DBE56394C}.Release|x86.ActiveCfg = Release|Any CPU
		{B40A1CBD-133A-45BA-9B76-E24DBE56394C}.Release|x86.Build.0 = Release|Any CPU
		{4980D894-6352-4941-B724-37CB3B32F4AF}.Debug|Any CPU.ActiveCfg = Debug|Any CPU
		{4980D894-6352-4941-B724-37CB3B32F4AF}.Debug|Any CPU.Build.0 = Debug|Any CPU
		{4980D894-6352-4941-B724-37CB3B32F4AF}.Debug|x64.ActiveCfg = Debug|Any CPU
		{4980D894-6352-4941-B724-37CB3B32F4AF}.Debug|x64.Build.0 = Debug|Any CPU
		{4980D894-6352-4941-B724-37CB3B32F4AF}.Debug|x86.ActiveCfg = Debug|Any CPU
		{4980D894-6352-4941-B724-37CB3B32F4AF}.Debug|x86.Build.0 = Debug|Any CPU
		{4980D894-6352-4941-B724-37CB3B32F4AF}.Release|Any CPU.ActiveCfg = Release|Any CPU
		{4980D894-6352-4941-B724-37CB3B32F4AF}.Release|Any CPU.Build.0 = Release|Any CPU
		{4980D894-6352-4941-B724-37CB3B32F4AF}.Release|x64.ActiveCfg = Release|Any CPU
		{4980D894-6352-4941-B724-37CB3B32F4AF}.Release|x64.Build.0 = Release|Any CPU
		{4980D894-6352-4941-B724-37CB3B32F4AF}.Release|x86.ActiveCfg = Release|Any CPU
		{4980D894-6352-4941-B724-37CB3B32F4AF}.Release|x86.Build.0 = Release|Any CPU
		{AF967067-FDCE-4613-AA96-4604AB64AF9F}.Debug|Any CPU.ActiveCfg = Debug|Any CPU
		{AF967067-FDCE-4613-AA96-4604AB64AF9F}.Debug|Any CPU.Build.0 = Debug|Any CPU
		{AF967067-FDCE-4613-AA96-4604AB64AF9F}.Debug|x64.ActiveCfg = Debug|Any CPU
		{AF967067-FDCE-4613-AA96-4604AB64AF9F}.Debug|x64.Build.0 = Debug|Any CPU
		{AF967067-FDCE-4613-AA96-4604AB64AF9F}.Debug|x86.ActiveCfg = Debug|Any CPU
		{AF967067-FDCE-4613-AA96-4604AB64AF9F}.Debug|x86.Build.0 = Debug|Any CPU
		{AF967067-FDCE-4613-AA96-4604AB64AF9F}.Release|Any CPU.ActiveCfg = Release|Any CPU
		{AF967067-FDCE-4613-AA96-4604AB64AF9F}.Release|Any CPU.Build.0 = Release|Any CPU
		{AF967067-FDCE-4613-AA96-4604AB64AF9F}.Release|x64.ActiveCfg = Release|Any CPU
		{AF967067-FDCE-4613-AA96-4604AB64AF9F}.Release|x64.Build.0 = Release|Any CPU
		{AF967067-FDCE-4613-AA96-4604AB64AF9F}.Release|x86.ActiveCfg = Release|Any CPU
		{AF967067-FDCE-4613-AA96-4604AB64AF9F}.Release|x86.Build.0 = Release|Any CPU
		{B2503F3C-AA8B-44F8-938D-248FD2A2144F}.Debug|Any CPU.ActiveCfg = Debug|Any CPU
		{B2503F3C-AA8B-44F8-938D-248FD2A2144F}.Debug|Any CPU.Build.0 = Debug|Any CPU
		{B2503F3C-AA8B-44F8-938D-248FD2A2144F}.Debug|x64.ActiveCfg = Debug|Any CPU
		{B2503F3C-AA8B-44F8-938D-248FD2A2144F}.Debug|x64.Build.0 = Debug|Any CPU
		{B2503F3C-AA8B-44F8-938D-248FD2A2144F}.Debug|x86.ActiveCfg = Debug|Any CPU
		{B2503F3C-AA8B-44F8-938D-248FD2A2144F}.Debug|x86.Build.0 = Debug|Any CPU
		{B2503F3C-AA8B-44F8-938D-248FD2A2144F}.Release|Any CPU.ActiveCfg = Release|Any CPU
		{B2503F3C-AA8B-44F8-938D-248FD2A2144F}.Release|Any CPU.Build.0 = Release|Any CPU
		{B2503F3C-AA8B-44F8-938D-248FD2A2144F}.Release|x64.ActiveCfg = Release|Any CPU
		{B2503F3C-AA8B-44F8-938D-248FD2A2144F}.Release|x64.Build.0 = Release|Any CPU
		{B2503F3C-AA8B-44F8-938D-248FD2A2144F}.Release|x86.ActiveCfg = Release|Any CPU
		{B2503F3C-AA8B-44F8-938D-248FD2A2144F}.Release|x86.Build.0 = Release|Any CPU
		{80624F27-E1CD-42C7-BE24-C4D72D8888AF}.Debug|Any CPU.ActiveCfg = Debug|Any CPU
		{80624F27-E1CD-42C7-BE24-C4D72D8888AF}.Debug|Any CPU.Build.0 = Debug|Any CPU
		{80624F27-E1CD-42C7-BE24-C4D72D8888AF}.Debug|x64.ActiveCfg = Debug|Any CPU
		{80624F27-E1CD-42C7-BE24-C4D72D8888AF}.Debug|x64.Build.0 = Debug|Any CPU
		{80624F27-E1CD-42C7-BE24-C4D72D8888AF}.Debug|x86.ActiveCfg = Debug|Any CPU
		{80624F27-E1CD-42C7-BE24-C4D72D8888AF}.Debug|x86.Build.0 = Debug|Any CPU
		{80624F27-E1CD-42C7-BE24-C4D72D8888AF}.Release|Any CPU.ActiveCfg = Release|Any CPU
		{80624F27-E1CD-42C7-BE24-C4D72D8888AF}.Release|Any CPU.Build.0 = Release|Any CPU
		{80624F27-E1CD-42C7-BE24-C4D72D8888AF}.Release|x64.ActiveCfg = Release|Any CPU
		{80624F27-E1CD-42C7-BE24-C4D72D8888AF}.Release|x64.Build.0 = Release|Any CPU
		{80624F27-E1CD-42C7-BE24-C4D72D8888AF}.Release|x86.ActiveCfg = Release|Any CPU
		{80624F27-E1CD-42C7-BE24-C4D72D8888AF}.Release|x86.Build.0 = Release|Any CPU
		{640CE1F7-3F4D-4F90-B954-6E36AB2FC9F7}.Debug|Any CPU.ActiveCfg = Debug|Any CPU
		{640CE1F7-3F4D-4F90-B954-6E36AB2FC9F7}.Debug|Any CPU.Build.0 = Debug|Any CPU
		{640CE1F7-3F4D-4F90-B954-6E36AB2FC9F7}.Debug|x64.ActiveCfg = Debug|Any CPU
		{640CE1F7-3F4D-4F90-B954-6E36AB2FC9F7}.Debug|x64.Build.0 = Debug|Any CPU
		{640CE1F7-3F4D-4F90-B954-6E36AB2FC9F7}.Debug|x86.ActiveCfg = Debug|Any CPU
		{640CE1F7-3F4D-4F90-B954-6E36AB2FC9F7}.Debug|x86.Build.0 = Debug|Any CPU
		{640CE1F7-3F4D-4F90-B954-6E36AB2FC9F7}.Release|Any CPU.ActiveCfg = Release|Any CPU
		{640CE1F7-3F4D-4F90-B954-6E36AB2FC9F7}.Release|Any CPU.Build.0 = Release|Any CPU
		{640CE1F7-3F4D-4F90-B954-6E36AB2FC9F7}.Release|x64.ActiveCfg = Release|Any CPU
		{640CE1F7-3F4D-4F90-B954-6E36AB2FC9F7}.Release|x64.Build.0 = Release|Any CPU
		{640CE1F7-3F4D-4F90-B954-6E36AB2FC9F7}.Release|x86.ActiveCfg = Release|Any CPU
		{640CE1F7-3F4D-4F90-B954-6E36AB2FC9F7}.Release|x86.Build.0 = Release|Any CPU
		{A7F36C0D-5A14-4F5C-B7E7-9805BDEFED17}.Debug|Any CPU.ActiveCfg = Debug|Any CPU
		{A7F36C0D-5A14-4F5C-B7E7-9805BDEFED17}.Debug|Any CPU.Build.0 = Debug|Any CPU
		{A7F36C0D-5A14-4F5C-B7E7-9805BDEFED17}.Debug|x64.ActiveCfg = Debug|Any CPU
		{A7F36C0D-5A14-4F5C-B7E7-9805BDEFED17}.Debug|x64.Build.0 = Debug|Any CPU
		{A7F36C0D-5A14-4F5C-B7E7-9805BDEFED17}.Debug|x86.ActiveCfg = Debug|Any CPU
		{A7F36C0D-5A14-4F5C-B7E7-9805BDEFED17}.Debug|x86.Build.0 = Debug|Any CPU
		{A7F36C0D-5A14-4F5C-B7E7-9805BDEFED17}.Release|Any CPU.ActiveCfg = Release|Any CPU
		{A7F36C0D-5A14-4F5C-B7E7-9805BDEFED17}.Release|Any CPU.Build.0 = Release|Any CPU
		{A7F36C0D-5A14-4F5C-B7E7-9805BDEFED17}.Release|x64.ActiveCfg = Release|Any CPU
		{A7F36C0D-5A14-4F5C-B7E7-9805BDEFED17}.Release|x64.Build.0 = Release|Any CPU
		{A7F36C0D-5A14-4F5C-B7E7-9805BDEFED17}.Release|x86.ActiveCfg = Release|Any CPU
		{A7F36C0D-5A14-4F5C-B7E7-9805BDEFED17}.Release|x86.Build.0 = Release|Any CPU
		{957ED040-72B5-4500-B8C2-1E9FD796E5BC}.Debug|Any CPU.ActiveCfg = Debug|Any CPU
		{957ED040-72B5-4500-B8C2-1E9FD796E5BC}.Debug|Any CPU.Build.0 = Debug|Any CPU
		{957ED040-72B5-4500-B8C2-1E9FD796E5BC}.Debug|x64.ActiveCfg = Debug|Any CPU
		{957ED040-72B5-4500-B8C2-1E9FD796E5BC}.Debug|x64.Build.0 = Debug|Any CPU
		{957ED040-72B5-4500-B8C2-1E9FD796E5BC}.Debug|x86.ActiveCfg = Debug|Any CPU
		{957ED040-72B5-4500-B8C2-1E9FD796E5BC}.Debug|x86.Build.0 = Debug|Any CPU
		{957ED040-72B5-4500-B8C2-1E9FD796E5BC}.Release|Any CPU.ActiveCfg = Release|Any CPU
		{957ED040-72B5-4500-B8C2-1E9FD796E5BC}.Release|Any CPU.Build.0 = Release|Any CPU
		{957ED040-72B5-4500-B8C2-1E9FD796E5BC}.Release|x64.ActiveCfg = Release|Any CPU
		{957ED040-72B5-4500-B8C2-1E9FD796E5BC}.Release|x64.Build.0 = Release|Any CPU
		{957ED040-72B5-4500-B8C2-1E9FD796E5BC}.Release|x86.ActiveCfg = Release|Any CPU
		{957ED040-72B5-4500-B8C2-1E9FD796E5BC}.Release|x86.Build.0 = Release|Any CPU
		{4ADF632C-119D-4430-BF37-889E7A31CA7C}.Debug|Any CPU.ActiveCfg = Debug|Any CPU
		{4ADF632C-119D-4430-BF37-889E7A31CA7C}.Debug|Any CPU.Build.0 = Debug|Any CPU
		{4ADF632C-119D-4430-BF37-889E7A31CA7C}.Debug|x64.ActiveCfg = Debug|Any CPU
		{4ADF632C-119D-4430-BF37-889E7A31CA7C}.Debug|x64.Build.0 = Debug|Any CPU
		{4ADF632C-119D-4430-BF37-889E7A31CA7C}.Debug|x86.ActiveCfg = Debug|Any CPU
		{4ADF632C-119D-4430-BF37-889E7A31CA7C}.Debug|x86.Build.0 = Debug|Any CPU
		{4ADF632C-119D-4430-BF37-889E7A31CA7C}.Release|Any CPU.ActiveCfg = Release|Any CPU
		{4ADF632C-119D-4430-BF37-889E7A31CA7C}.Release|Any CPU.Build.0 = Release|Any CPU
		{4ADF632C-119D-4430-BF37-889E7A31CA7C}.Release|x64.ActiveCfg = Release|Any CPU
		{4ADF632C-119D-4430-BF37-889E7A31CA7C}.Release|x64.Build.0 = Release|Any CPU
		{4ADF632C-119D-4430-BF37-889E7A31CA7C}.Release|x86.ActiveCfg = Release|Any CPU
		{4ADF632C-119D-4430-BF37-889E7A31CA7C}.Release|x86.Build.0 = Release|Any CPU
		{DCFB89B2-CAEC-49B9-B677-C159263E4601}.Debug|Any CPU.ActiveCfg = Debug|Any CPU
		{DCFB89B2-CAEC-49B9-B677-C159263E4601}.Debug|Any CPU.Build.0 = Debug|Any CPU
		{DCFB89B2-CAEC-49B9-B677-C159263E4601}.Debug|x64.ActiveCfg = Debug|Any CPU
		{DCFB89B2-CAEC-49B9-B677-C159263E4601}.Debug|x64.Build.0 = Debug|Any CPU
		{DCFB89B2-CAEC-49B9-B677-C159263E4601}.Debug|x86.ActiveCfg = Debug|Any CPU
		{DCFB89B2-CAEC-49B9-B677-C159263E4601}.Debug|x86.Build.0 = Debug|Any CPU
		{DCFB89B2-CAEC-49B9-B677-C159263E4601}.Release|Any CPU.ActiveCfg = Release|Any CPU
		{DCFB89B2-CAEC-49B9-B677-C159263E4601}.Release|Any CPU.Build.0 = Release|Any CPU
		{DCFB89B2-CAEC-49B9-B677-C159263E4601}.Release|x64.ActiveCfg = Release|Any CPU
		{DCFB89B2-CAEC-49B9-B677-C159263E4601}.Release|x64.Build.0 = Release|Any CPU
		{DCFB89B2-CAEC-49B9-B677-C159263E4601}.Release|x86.ActiveCfg = Release|Any CPU
		{DCFB89B2-CAEC-49B9-B677-C159263E4601}.Release|x86.Build.0 = Release|Any CPU
		{B6461B9C-48AD-4367-B689-2BD5FF305F01}.Debug|Any CPU.ActiveCfg = Debug|Any CPU
		{B6461B9C-48AD-4367-B689-2BD5FF305F01}.Debug|Any CPU.Build.0 = Debug|Any CPU
		{B6461B9C-48AD-4367-B689-2BD5FF305F01}.Debug|x64.ActiveCfg = Debug|Any CPU
		{B6461B9C-48AD-4367-B689-2BD5FF305F01}.Debug|x64.Build.0 = Debug|Any CPU
		{B6461B9C-48AD-4367-B689-2BD5FF305F01}.Debug|x86.ActiveCfg = Debug|Any CPU
		{B6461B9C-48AD-4367-B689-2BD5FF305F01}.Debug|x86.Build.0 = Debug|Any CPU
		{B6461B9C-48AD-4367-B689-2BD5FF305F01}.Release|Any CPU.ActiveCfg = Release|Any CPU
		{B6461B9C-48AD-4367-B689-2BD5FF305F01}.Release|Any CPU.Build.0 = Release|Any CPU
		{B6461B9C-48AD-4367-B689-2BD5FF305F01}.Release|x64.ActiveCfg = Release|Any CPU
		{B6461B9C-48AD-4367-B689-2BD5FF305F01}.Release|x64.Build.0 = Release|Any CPU
		{B6461B9C-48AD-4367-B689-2BD5FF305F01}.Release|x86.ActiveCfg = Release|Any CPU
		{B6461B9C-48AD-4367-B689-2BD5FF305F01}.Release|x86.Build.0 = Release|Any CPU
		{E7C2C69B-62A0-43EA-9A4E-AA1EC114EF7E}.Debug|Any CPU.ActiveCfg = Debug|Any CPU
		{E7C2C69B-62A0-43EA-9A4E-AA1EC114EF7E}.Debug|Any CPU.Build.0 = Debug|Any CPU
		{E7C2C69B-62A0-43EA-9A4E-AA1EC114EF7E}.Debug|x64.ActiveCfg = Debug|Any CPU
		{E7C2C69B-62A0-43EA-9A4E-AA1EC114EF7E}.Debug|x64.Build.0 = Debug|Any CPU
		{E7C2C69B-62A0-43EA-9A4E-AA1EC114EF7E}.Debug|x86.ActiveCfg = Debug|Any CPU
		{E7C2C69B-62A0-43EA-9A4E-AA1EC114EF7E}.Debug|x86.Build.0 = Debug|Any CPU
		{E7C2C69B-62A0-43EA-9A4E-AA1EC114EF7E}.Release|Any CPU.ActiveCfg = Release|Any CPU
		{E7C2C69B-62A0-43EA-9A4E-AA1EC114EF7E}.Release|Any CPU.Build.0 = Release|Any CPU
		{E7C2C69B-62A0-43EA-9A4E-AA1EC114EF7E}.Release|x64.ActiveCfg = Release|Any CPU
		{E7C2C69B-62A0-43EA-9A4E-AA1EC114EF7E}.Release|x64.Build.0 = Release|Any CPU
		{E7C2C69B-62A0-43EA-9A4E-AA1EC114EF7E}.Release|x86.ActiveCfg = Release|Any CPU
		{E7C2C69B-62A0-43EA-9A4E-AA1EC114EF7E}.Release|x86.Build.0 = Release|Any CPU
		{8466E813-C0EA-48F5-B5AD-E01A00DD7574}.Debug|Any CPU.ActiveCfg = Debug|Any CPU
		{8466E813-C0EA-48F5-B5AD-E01A00DD7574}.Debug|Any CPU.Build.0 = Debug|Any CPU
		{8466E813-C0EA-48F5-B5AD-E01A00DD7574}.Debug|x64.ActiveCfg = Debug|Any CPU
		{8466E813-C0EA-48F5-B5AD-E01A00DD7574}.Debug|x64.Build.0 = Debug|Any CPU
		{8466E813-C0EA-48F5-B5AD-E01A00DD7574}.Debug|x86.ActiveCfg = Debug|Any CPU
		{8466E813-C0EA-48F5-B5AD-E01A00DD7574}.Debug|x86.Build.0 = Debug|Any CPU
		{8466E813-C0EA-48F5-B5AD-E01A00DD7574}.Release|Any CPU.ActiveCfg = Release|Any CPU
		{8466E813-C0EA-48F5-B5AD-E01A00DD7574}.Release|Any CPU.Build.0 = Release|Any CPU
		{8466E813-C0EA-48F5-B5AD-E01A00DD7574}.Release|x64.ActiveCfg = Release|Any CPU
		{8466E813-C0EA-48F5-B5AD-E01A00DD7574}.Release|x64.Build.0 = Release|Any CPU
		{8466E813-C0EA-48F5-B5AD-E01A00DD7574}.Release|x86.ActiveCfg = Release|Any CPU
		{8466E813-C0EA-48F5-B5AD-E01A00DD7574}.Release|x86.Build.0 = Release|Any CPU
		{16FF2C5A-3766-43E8-B55C-74C39F3A5E1F}.Debug|Any CPU.ActiveCfg = Debug|Any CPU
		{16FF2C5A-3766-43E8-B55C-74C39F3A5E1F}.Debug|Any CPU.Build.0 = Debug|Any CPU
		{16FF2C5A-3766-43E8-B55C-74C39F3A5E1F}.Debug|x64.ActiveCfg = Debug|Any CPU
		{16FF2C5A-3766-43E8-B55C-74C39F3A5E1F}.Debug|x64.Build.0 = Debug|Any CPU
		{16FF2C5A-3766-43E8-B55C-74C39F3A5E1F}.Debug|x86.ActiveCfg = Debug|Any CPU
		{16FF2C5A-3766-43E8-B55C-74C39F3A5E1F}.Debug|x86.Build.0 = Debug|Any CPU
		{16FF2C5A-3766-43E8-B55C-74C39F3A5E1F}.Release|Any CPU.ActiveCfg = Release|Any CPU
		{16FF2C5A-3766-43E8-B55C-74C39F3A5E1F}.Release|Any CPU.Build.0 = Release|Any CPU
		{16FF2C5A-3766-43E8-B55C-74C39F3A5E1F}.Release|x64.ActiveCfg = Release|Any CPU
		{16FF2C5A-3766-43E8-B55C-74C39F3A5E1F}.Release|x64.Build.0 = Release|Any CPU
		{16FF2C5A-3766-43E8-B55C-74C39F3A5E1F}.Release|x86.ActiveCfg = Release|Any CPU
		{16FF2C5A-3766-43E8-B55C-74C39F3A5E1F}.Release|x86.Build.0 = Release|Any CPU
		{E3B33953-3CB2-4C57-8CA1-7A94E1686C9A}.Debug|Any CPU.ActiveCfg = Debug|Any CPU
		{E3B33953-3CB2-4C57-8CA1-7A94E1686C9A}.Debug|Any CPU.Build.0 = Debug|Any CPU
		{E3B33953-3CB2-4C57-8CA1-7A94E1686C9A}.Debug|x64.ActiveCfg = Debug|Any CPU
		{E3B33953-3CB2-4C57-8CA1-7A94E1686C9A}.Debug|x64.Build.0 = Debug|Any CPU
		{E3B33953-3CB2-4C57-8CA1-7A94E1686C9A}.Debug|x86.ActiveCfg = Debug|Any CPU
		{E3B33953-3CB2-4C57-8CA1-7A94E1686C9A}.Debug|x86.Build.0 = Debug|Any CPU
		{E3B33953-3CB2-4C57-8CA1-7A94E1686C9A}.Release|Any CPU.ActiveCfg = Release|Any CPU
		{E3B33953-3CB2-4C57-8CA1-7A94E1686C9A}.Release|Any CPU.Build.0 = Release|Any CPU
		{E3B33953-3CB2-4C57-8CA1-7A94E1686C9A}.Release|x64.ActiveCfg = Release|Any CPU
		{E3B33953-3CB2-4C57-8CA1-7A94E1686C9A}.Release|x64.Build.0 = Release|Any CPU
		{E3B33953-3CB2-4C57-8CA1-7A94E1686C9A}.Release|x86.ActiveCfg = Release|Any CPU
		{E3B33953-3CB2-4C57-8CA1-7A94E1686C9A}.Release|x86.Build.0 = Release|Any CPU
		{D306840B-378A-4BA2-9187-A78199C31DC7}.Debug|Any CPU.ActiveCfg = Debug|Any CPU
		{D306840B-378A-4BA2-9187-A78199C31DC7}.Debug|Any CPU.Build.0 = Debug|Any CPU
		{D306840B-378A-4BA2-9187-A78199C31DC7}.Debug|x64.ActiveCfg = Debug|Any CPU
		{D306840B-378A-4BA2-9187-A78199C31DC7}.Debug|x64.Build.0 = Debug|Any CPU
		{D306840B-378A-4BA2-9187-A78199C31DC7}.Debug|x86.ActiveCfg = Debug|Any CPU
		{D306840B-378A-4BA2-9187-A78199C31DC7}.Debug|x86.Build.0 = Debug|Any CPU
		{D306840B-378A-4BA2-9187-A78199C31DC7}.Release|Any CPU.ActiveCfg = Release|Any CPU
		{D306840B-378A-4BA2-9187-A78199C31DC7}.Release|Any CPU.Build.0 = Release|Any CPU
		{D306840B-378A-4BA2-9187-A78199C31DC7}.Release|x64.ActiveCfg = Release|Any CPU
		{D306840B-378A-4BA2-9187-A78199C31DC7}.Release|x64.Build.0 = Release|Any CPU
		{D306840B-378A-4BA2-9187-A78199C31DC7}.Release|x86.ActiveCfg = Release|Any CPU
		{D306840B-378A-4BA2-9187-A78199C31DC7}.Release|x86.Build.0 = Release|Any CPU
		{BC5FDECA-D045-4B74-BBB3-C1CA13D14EF8}.Debug|Any CPU.ActiveCfg = Debug|Any CPU
		{BC5FDECA-D045-4B74-BBB3-C1CA13D14EF8}.Debug|Any CPU.Build.0 = Debug|Any CPU
		{BC5FDECA-D045-4B74-BBB3-C1CA13D14EF8}.Debug|x64.ActiveCfg = Debug|Any CPU
		{BC5FDECA-D045-4B74-BBB3-C1CA13D14EF8}.Debug|x64.Build.0 = Debug|Any CPU
		{BC5FDECA-D045-4B74-BBB3-C1CA13D14EF8}.Debug|x86.ActiveCfg = Debug|Any CPU
		{BC5FDECA-D045-4B74-BBB3-C1CA13D14EF8}.Debug|x86.Build.0 = Debug|Any CPU
		{BC5FDECA-D045-4B74-BBB3-C1CA13D14EF8}.Release|Any CPU.ActiveCfg = Release|Any CPU
		{BC5FDECA-D045-4B74-BBB3-C1CA13D14EF8}.Release|Any CPU.Build.0 = Release|Any CPU
		{BC5FDECA-D045-4B74-BBB3-C1CA13D14EF8}.Release|x64.ActiveCfg = Release|Any CPU
		{BC5FDECA-D045-4B74-BBB3-C1CA13D14EF8}.Release|x64.Build.0 = Release|Any CPU
		{BC5FDECA-D045-4B74-BBB3-C1CA13D14EF8}.Release|x86.ActiveCfg = Release|Any CPU
		{BC5FDECA-D045-4B74-BBB3-C1CA13D14EF8}.Release|x86.Build.0 = Release|Any CPU
		{8D11B9F6-2961-4AC1-A93F-9EF7017AEA1B}.Debug|Any CPU.ActiveCfg = Debug|Any CPU
		{8D11B9F6-2961-4AC1-A93F-9EF7017AEA1B}.Debug|Any CPU.Build.0 = Debug|Any CPU
		{8D11B9F6-2961-4AC1-A93F-9EF7017AEA1B}.Debug|x64.ActiveCfg = Debug|Any CPU
		{8D11B9F6-2961-4AC1-A93F-9EF7017AEA1B}.Debug|x64.Build.0 = Debug|Any CPU
		{8D11B9F6-2961-4AC1-A93F-9EF7017AEA1B}.Debug|x86.ActiveCfg = Debug|Any CPU
		{8D11B9F6-2961-4AC1-A93F-9EF7017AEA1B}.Debug|x86.Build.0 = Debug|Any CPU
		{8D11B9F6-2961-4AC1-A93F-9EF7017AEA1B}.Release|Any CPU.ActiveCfg = Release|Any CPU
		{8D11B9F6-2961-4AC1-A93F-9EF7017AEA1B}.Release|Any CPU.Build.0 = Release|Any CPU
		{8D11B9F6-2961-4AC1-A93F-9EF7017AEA1B}.Release|x64.ActiveCfg = Release|Any CPU
		{8D11B9F6-2961-4AC1-A93F-9EF7017AEA1B}.Release|x64.Build.0 = Release|Any CPU
		{8D11B9F6-2961-4AC1-A93F-9EF7017AEA1B}.Release|x86.ActiveCfg = Release|Any CPU
		{8D11B9F6-2961-4AC1-A93F-9EF7017AEA1B}.Release|x86.Build.0 = Release|Any CPU
		{A7929D3C-A077-4C4C-B535-53C69DD46946}.Debug|Any CPU.ActiveCfg = Debug|Any CPU
		{A7929D3C-A077-4C4C-B535-53C69DD46946}.Debug|Any CPU.Build.0 = Debug|Any CPU
		{A7929D3C-A077-4C4C-B535-53C69DD46946}.Debug|x64.ActiveCfg = Debug|Any CPU
		{A7929D3C-A077-4C4C-B535-53C69DD46946}.Debug|x64.Build.0 = Debug|Any CPU
		{A7929D3C-A077-4C4C-B535-53C69DD46946}.Debug|x86.ActiveCfg = Debug|Any CPU
		{A7929D3C-A077-4C4C-B535-53C69DD46946}.Debug|x86.Build.0 = Debug|Any CPU
		{A7929D3C-A077-4C4C-B535-53C69DD46946}.Release|Any CPU.ActiveCfg = Release|Any CPU
		{A7929D3C-A077-4C4C-B535-53C69DD46946}.Release|Any CPU.Build.0 = Release|Any CPU
		{A7929D3C-A077-4C4C-B535-53C69DD46946}.Release|x64.ActiveCfg = Release|Any CPU
		{A7929D3C-A077-4C4C-B535-53C69DD46946}.Release|x64.Build.0 = Release|Any CPU
		{A7929D3C-A077-4C4C-B535-53C69DD46946}.Release|x86.ActiveCfg = Release|Any CPU
		{A7929D3C-A077-4C4C-B535-53C69DD46946}.Release|x86.Build.0 = Release|Any CPU
		{558A836A-2BF3-4AC7-B98A-A3799BCD430E}.Debug|Any CPU.ActiveCfg = Debug|Any CPU
		{558A836A-2BF3-4AC7-B98A-A3799BCD430E}.Debug|Any CPU.Build.0 = Debug|Any CPU
		{558A836A-2BF3-4AC7-B98A-A3799BCD430E}.Debug|x64.ActiveCfg = Debug|Any CPU
		{558A836A-2BF3-4AC7-B98A-A3799BCD430E}.Debug|x64.Build.0 = Debug|Any CPU
		{558A836A-2BF3-4AC7-B98A-A3799BCD430E}.Debug|x86.ActiveCfg = Debug|Any CPU
		{558A836A-2BF3-4AC7-B98A-A3799BCD430E}.Debug|x86.Build.0 = Debug|Any CPU
		{558A836A-2BF3-4AC7-B98A-A3799BCD430E}.Release|Any CPU.ActiveCfg = Release|Any CPU
		{558A836A-2BF3-4AC7-B98A-A3799BCD430E}.Release|Any CPU.Build.0 = Release|Any CPU
		{558A836A-2BF3-4AC7-B98A-A3799BCD430E}.Release|x64.ActiveCfg = Release|Any CPU
		{558A836A-2BF3-4AC7-B98A-A3799BCD430E}.Release|x64.Build.0 = Release|Any CPU
		{558A836A-2BF3-4AC7-B98A-A3799BCD430E}.Release|x86.ActiveCfg = Release|Any CPU
		{558A836A-2BF3-4AC7-B98A-A3799BCD430E}.Release|x86.Build.0 = Release|Any CPU
		{DDF168A9-BCA2-4740-9DA5-3A6C89CC1BA1}.Debug|Any CPU.ActiveCfg = Debug|Any CPU
		{DDF168A9-BCA2-4740-9DA5-3A6C89CC1BA1}.Debug|Any CPU.Build.0 = Debug|Any CPU
		{DDF168A9-BCA2-4740-9DA5-3A6C89CC1BA1}.Debug|x64.ActiveCfg = Debug|Any CPU
		{DDF168A9-BCA2-4740-9DA5-3A6C89CC1BA1}.Debug|x64.Build.0 = Debug|Any CPU
		{DDF168A9-BCA2-4740-9DA5-3A6C89CC1BA1}.Debug|x86.ActiveCfg = Debug|Any CPU
		{DDF168A9-BCA2-4740-9DA5-3A6C89CC1BA1}.Debug|x86.Build.0 = Debug|Any CPU
		{DDF168A9-BCA2-4740-9DA5-3A6C89CC1BA1}.Release|Any CPU.ActiveCfg = Release|Any CPU
		{DDF168A9-BCA2-4740-9DA5-3A6C89CC1BA1}.Release|Any CPU.Build.0 = Release|Any CPU
		{DDF168A9-BCA2-4740-9DA5-3A6C89CC1BA1}.Release|x64.ActiveCfg = Release|Any CPU
		{DDF168A9-BCA2-4740-9DA5-3A6C89CC1BA1}.Release|x64.Build.0 = Release|Any CPU
		{DDF168A9-BCA2-4740-9DA5-3A6C89CC1BA1}.Release|x86.ActiveCfg = Release|Any CPU
		{DDF168A9-BCA2-4740-9DA5-3A6C89CC1BA1}.Release|x86.Build.0 = Release|Any CPU
		{8F8FBC06-7CAA-4890-BA55-2C360BF11F87}.Debug|Any CPU.ActiveCfg = Debug|Any CPU
		{8F8FBC06-7CAA-4890-BA55-2C360BF11F87}.Debug|Any CPU.Build.0 = Debug|Any CPU
		{8F8FBC06-7CAA-4890-BA55-2C360BF11F87}.Debug|x64.ActiveCfg = Debug|Any CPU
		{8F8FBC06-7CAA-4890-BA55-2C360BF11F87}.Debug|x64.Build.0 = Debug|Any CPU
		{8F8FBC06-7CAA-4890-BA55-2C360BF11F87}.Debug|x86.ActiveCfg = Debug|Any CPU
		{8F8FBC06-7CAA-4890-BA55-2C360BF11F87}.Debug|x86.Build.0 = Debug|Any CPU
		{8F8FBC06-7CAA-4890-BA55-2C360BF11F87}.Release|Any CPU.ActiveCfg = Release|Any CPU
		{8F8FBC06-7CAA-4890-BA55-2C360BF11F87}.Release|Any CPU.Build.0 = Release|Any CPU
		{8F8FBC06-7CAA-4890-BA55-2C360BF11F87}.Release|x64.ActiveCfg = Release|Any CPU
		{8F8FBC06-7CAA-4890-BA55-2C360BF11F87}.Release|x64.Build.0 = Release|Any CPU
		{8F8FBC06-7CAA-4890-BA55-2C360BF11F87}.Release|x86.ActiveCfg = Release|Any CPU
		{8F8FBC06-7CAA-4890-BA55-2C360BF11F87}.Release|x86.Build.0 = Release|Any CPU
		{870551CD-9FC7-400A-B5AA-B09D89137739}.Debug|Any CPU.ActiveCfg = Debug|Any CPU
		{870551CD-9FC7-400A-B5AA-B09D89137739}.Debug|Any CPU.Build.0 = Debug|Any CPU
		{870551CD-9FC7-400A-B5AA-B09D89137739}.Debug|x64.ActiveCfg = Debug|Any CPU
		{870551CD-9FC7-400A-B5AA-B09D89137739}.Debug|x64.Build.0 = Debug|Any CPU
		{870551CD-9FC7-400A-B5AA-B09D89137739}.Debug|x86.ActiveCfg = Debug|Any CPU
		{870551CD-9FC7-400A-B5AA-B09D89137739}.Debug|x86.Build.0 = Debug|Any CPU
		{870551CD-9FC7-400A-B5AA-B09D89137739}.Release|Any CPU.ActiveCfg = Release|Any CPU
		{870551CD-9FC7-400A-B5AA-B09D89137739}.Release|Any CPU.Build.0 = Release|Any CPU
		{870551CD-9FC7-400A-B5AA-B09D89137739}.Release|x64.ActiveCfg = Release|Any CPU
		{870551CD-9FC7-400A-B5AA-B09D89137739}.Release|x64.Build.0 = Release|Any CPU
		{870551CD-9FC7-400A-B5AA-B09D89137739}.Release|x86.ActiveCfg = Release|Any CPU
		{870551CD-9FC7-400A-B5AA-B09D89137739}.Release|x86.Build.0 = Release|Any CPU
		{79704482-40B5-4212-B633-34ACB3D11E70}.Debug|Any CPU.ActiveCfg = Debug|Any CPU
		{79704482-40B5-4212-B633-34ACB3D11E70}.Debug|Any CPU.Build.0 = Debug|Any CPU
		{79704482-40B5-4212-B633-34ACB3D11E70}.Debug|x64.ActiveCfg = Debug|Any CPU
		{79704482-40B5-4212-B633-34ACB3D11E70}.Debug|x64.Build.0 = Debug|Any CPU
		{79704482-40B5-4212-B633-34ACB3D11E70}.Debug|x86.ActiveCfg = Debug|Any CPU
		{79704482-40B5-4212-B633-34ACB3D11E70}.Debug|x86.Build.0 = Debug|Any CPU
		{79704482-40B5-4212-B633-34ACB3D11E70}.Release|Any CPU.ActiveCfg = Release|Any CPU
		{79704482-40B5-4212-B633-34ACB3D11E70}.Release|Any CPU.Build.0 = Release|Any CPU
		{79704482-40B5-4212-B633-34ACB3D11E70}.Release|x64.ActiveCfg = Release|Any CPU
		{79704482-40B5-4212-B633-34ACB3D11E70}.Release|x64.Build.0 = Release|Any CPU
		{79704482-40B5-4212-B633-34ACB3D11E70}.Release|x86.ActiveCfg = Release|Any CPU
		{79704482-40B5-4212-B633-34ACB3D11E70}.Release|x86.Build.0 = Release|Any CPU
		{8F67E41C-24D9-474C-9696-A6B613A8B343}.Debug|Any CPU.ActiveCfg = Debug|Any CPU
		{8F67E41C-24D9-474C-9696-A6B613A8B343}.Debug|Any CPU.Build.0 = Debug|Any CPU
		{8F67E41C-24D9-474C-9696-A6B613A8B343}.Debug|x64.ActiveCfg = Debug|Any CPU
		{8F67E41C-24D9-474C-9696-A6B613A8B343}.Debug|x64.Build.0 = Debug|Any CPU
		{8F67E41C-24D9-474C-9696-A6B613A8B343}.Debug|x86.ActiveCfg = Debug|Any CPU
		{8F67E41C-24D9-474C-9696-A6B613A8B343}.Debug|x86.Build.0 = Debug|Any CPU
		{8F67E41C-24D9-474C-9696-A6B613A8B343}.Release|Any CPU.ActiveCfg = Release|Any CPU
		{8F67E41C-24D9-474C-9696-A6B613A8B343}.Release|Any CPU.Build.0 = Release|Any CPU
		{8F67E41C-24D9-474C-9696-A6B613A8B343}.Release|x64.ActiveCfg = Release|Any CPU
		{8F67E41C-24D9-474C-9696-A6B613A8B343}.Release|x64.Build.0 = Release|Any CPU
		{8F67E41C-24D9-474C-9696-A6B613A8B343}.Release|x86.ActiveCfg = Release|Any CPU
		{8F67E41C-24D9-474C-9696-A6B613A8B343}.Release|x86.Build.0 = Release|Any CPU
		{38B2DC42-A00D-4687-8EC4-4B4D72D8C2D6}.Debug|Any CPU.ActiveCfg = Debug|Any CPU
		{38B2DC42-A00D-4687-8EC4-4B4D72D8C2D6}.Debug|Any CPU.Build.0 = Debug|Any CPU
		{38B2DC42-A00D-4687-8EC4-4B4D72D8C2D6}.Debug|x64.ActiveCfg = Debug|Any CPU
		{38B2DC42-A00D-4687-8EC4-4B4D72D8C2D6}.Debug|x64.Build.0 = Debug|Any CPU
		{38B2DC42-A00D-4687-8EC4-4B4D72D8C2D6}.Debug|x86.ActiveCfg = Debug|Any CPU
		{38B2DC42-A00D-4687-8EC4-4B4D72D8C2D6}.Debug|x86.Build.0 = Debug|Any CPU
		{38B2DC42-A00D-4687-8EC4-4B4D72D8C2D6}.Release|Any CPU.ActiveCfg = Release|Any CPU
		{38B2DC42-A00D-4687-8EC4-4B4D72D8C2D6}.Release|Any CPU.Build.0 = Release|Any CPU
		{38B2DC42-A00D-4687-8EC4-4B4D72D8C2D6}.Release|x64.ActiveCfg = Release|Any CPU
		{38B2DC42-A00D-4687-8EC4-4B4D72D8C2D6}.Release|x64.Build.0 = Release|Any CPU
		{38B2DC42-A00D-4687-8EC4-4B4D72D8C2D6}.Release|x86.ActiveCfg = Release|Any CPU
		{38B2DC42-A00D-4687-8EC4-4B4D72D8C2D6}.Release|x86.Build.0 = Release|Any CPU
		{B8B59E29-D651-4F3A-B12D-324CA21988CF}.Debug|Any CPU.ActiveCfg = Debug|Any CPU
		{B8B59E29-D651-4F3A-B12D-324CA21988CF}.Debug|Any CPU.Build.0 = Debug|Any CPU
		{B8B59E29-D651-4F3A-B12D-324CA21988CF}.Debug|x64.ActiveCfg = Debug|Any CPU
		{B8B59E29-D651-4F3A-B12D-324CA21988CF}.Debug|x64.Build.0 = Debug|Any CPU
		{B8B59E29-D651-4F3A-B12D-324CA21988CF}.Debug|x86.ActiveCfg = Debug|Any CPU
		{B8B59E29-D651-4F3A-B12D-324CA21988CF}.Debug|x86.Build.0 = Debug|Any CPU
		{B8B59E29-D651-4F3A-B12D-324CA21988CF}.Release|Any CPU.ActiveCfg = Release|Any CPU
		{B8B59E29-D651-4F3A-B12D-324CA21988CF}.Release|Any CPU.Build.0 = Release|Any CPU
		{B8B59E29-D651-4F3A-B12D-324CA21988CF}.Release|x64.ActiveCfg = Release|Any CPU
		{B8B59E29-D651-4F3A-B12D-324CA21988CF}.Release|x64.Build.0 = Release|Any CPU
		{B8B59E29-D651-4F3A-B12D-324CA21988CF}.Release|x86.ActiveCfg = Release|Any CPU
		{B8B59E29-D651-4F3A-B12D-324CA21988CF}.Release|x86.Build.0 = Release|Any CPU
		{2ACF1CC9-E1FB-473F-8C48-D39C78D07C9B}.Debug|Any CPU.ActiveCfg = Debug|Any CPU
		{2ACF1CC9-E1FB-473F-8C48-D39C78D07C9B}.Debug|Any CPU.Build.0 = Debug|Any CPU
		{2ACF1CC9-E1FB-473F-8C48-D39C78D07C9B}.Debug|x64.ActiveCfg = Debug|Any CPU
		{2ACF1CC9-E1FB-473F-8C48-D39C78D07C9B}.Debug|x64.Build.0 = Debug|Any CPU
		{2ACF1CC9-E1FB-473F-8C48-D39C78D07C9B}.Debug|x86.ActiveCfg = Debug|Any CPU
		{2ACF1CC9-E1FB-473F-8C48-D39C78D07C9B}.Debug|x86.Build.0 = Debug|Any CPU
		{2ACF1CC9-E1FB-473F-8C48-D39C78D07C9B}.Release|Any CPU.ActiveCfg = Release|Any CPU
		{2ACF1CC9-E1FB-473F-8C48-D39C78D07C9B}.Release|Any CPU.Build.0 = Release|Any CPU
		{2ACF1CC9-E1FB-473F-8C48-D39C78D07C9B}.Release|x64.ActiveCfg = Release|Any CPU
		{2ACF1CC9-E1FB-473F-8C48-D39C78D07C9B}.Release|x64.Build.0 = Release|Any CPU
		{2ACF1CC9-E1FB-473F-8C48-D39C78D07C9B}.Release|x86.ActiveCfg = Release|Any CPU
		{2ACF1CC9-E1FB-473F-8C48-D39C78D07C9B}.Release|x86.Build.0 = Release|Any CPU
		{676F2A26-E456-445A-B8B4-EB4DB4110241}.Debug|Any CPU.ActiveCfg = Debug|Any CPU
		{676F2A26-E456-445A-B8B4-EB4DB4110241}.Debug|Any CPU.Build.0 = Debug|Any CPU
		{676F2A26-E456-445A-B8B4-EB4DB4110241}.Debug|x64.ActiveCfg = Debug|Any CPU
		{676F2A26-E456-445A-B8B4-EB4DB4110241}.Debug|x64.Build.0 = Debug|Any CPU
		{676F2A26-E456-445A-B8B4-EB4DB4110241}.Debug|x86.ActiveCfg = Debug|Any CPU
		{676F2A26-E456-445A-B8B4-EB4DB4110241}.Debug|x86.Build.0 = Debug|Any CPU
		{676F2A26-E456-445A-B8B4-EB4DB4110241}.Release|Any CPU.ActiveCfg = Release|Any CPU
		{676F2A26-E456-445A-B8B4-EB4DB4110241}.Release|Any CPU.Build.0 = Release|Any CPU
		{676F2A26-E456-445A-B8B4-EB4DB4110241}.Release|x64.ActiveCfg = Release|Any CPU
		{676F2A26-E456-445A-B8B4-EB4DB4110241}.Release|x64.Build.0 = Release|Any CPU
		{676F2A26-E456-445A-B8B4-EB4DB4110241}.Release|x86.ActiveCfg = Release|Any CPU
		{676F2A26-E456-445A-B8B4-EB4DB4110241}.Release|x86.Build.0 = Release|Any CPU
		{99C44A08-78CD-49A3-9D19-018259EA9118}.Debug|Any CPU.ActiveCfg = Debug|Any CPU
		{99C44A08-78CD-49A3-9D19-018259EA9118}.Debug|Any CPU.Build.0 = Debug|Any CPU
		{99C44A08-78CD-49A3-9D19-018259EA9118}.Debug|x64.ActiveCfg = Debug|Any CPU
		{99C44A08-78CD-49A3-9D19-018259EA9118}.Debug|x64.Build.0 = Debug|Any CPU
		{99C44A08-78CD-49A3-9D19-018259EA9118}.Debug|x86.ActiveCfg = Debug|Any CPU
		{99C44A08-78CD-49A3-9D19-018259EA9118}.Debug|x86.Build.0 = Debug|Any CPU
		{99C44A08-78CD-49A3-9D19-018259EA9118}.Release|Any CPU.ActiveCfg = Release|Any CPU
		{99C44A08-78CD-49A3-9D19-018259EA9118}.Release|Any CPU.Build.0 = Release|Any CPU
		{99C44A08-78CD-49A3-9D19-018259EA9118}.Release|x64.ActiveCfg = Release|Any CPU
		{99C44A08-78CD-49A3-9D19-018259EA9118}.Release|x64.Build.0 = Release|Any CPU
		{99C44A08-78CD-49A3-9D19-018259EA9118}.Release|x86.ActiveCfg = Release|Any CPU
		{99C44A08-78CD-49A3-9D19-018259EA9118}.Release|x86.Build.0 = Release|Any CPU
	EndGlobalSection
	GlobalSection(SolutionProperties) = preSolution
		HideSolutionNode = FALSE
	EndGlobalSection
	GlobalSection(NestedProjects) = preSolution
		{0C046455-CDDA-8D0C-442B-9D0E47D8E6F9} = {44662C1F-95F9-4244-B868-D4F0044EE4B5}
		{B40A1CBD-133A-45BA-9B76-E24DBE56394C} = {0C046455-CDDA-8D0C-442B-9D0E47D8E6F9}
		{4980D894-6352-4941-B724-37CB3B32F4AF} = {0C046455-CDDA-8D0C-442B-9D0E47D8E6F9}
		{AF967067-FDCE-4613-AA96-4604AB64AF9F} = {0C046455-CDDA-8D0C-442B-9D0E47D8E6F9}
		{B2503F3C-AA8B-44F8-938D-248FD2A2144F} = {0C046455-CDDA-8D0C-442B-9D0E47D8E6F9}
		{F733B617-E3B8-CD75-5EDA-218DD467D7A6} = {44662C1F-95F9-4244-B868-D4F0044EE4B5}
		{80624F27-E1CD-42C7-BE24-C4D72D8888AF} = {F733B617-E3B8-CD75-5EDA-218DD467D7A6}
		{640CE1F7-3F4D-4F90-B954-6E36AB2FC9F7} = {F733B617-E3B8-CD75-5EDA-218DD467D7A6}
		{A7F36C0D-5A14-4F5C-B7E7-9805BDEFED17} = {F733B617-E3B8-CD75-5EDA-218DD467D7A6}
		{957ED040-72B5-4500-B8C2-1E9FD796E5BC} = {F733B617-E3B8-CD75-5EDA-218DD467D7A6}
		{CAC61C66-F70D-6EED-1762-BBD8FABF8735} = {44662C1F-95F9-4244-B868-D4F0044EE4B5}
		{4ADF632C-119D-4430-BF37-889E7A31CA7C} = {CAC61C66-F70D-6EED-1762-BBD8FABF8735}
		{DCFB89B2-CAEC-49B9-B677-C159263E4601} = {CAC61C66-F70D-6EED-1762-BBD8FABF8735}
		{B6461B9C-48AD-4367-B689-2BD5FF305F01} = {CAC61C66-F70D-6EED-1762-BBD8FABF8735}
		{E7C2C69B-62A0-43EA-9A4E-AA1EC114EF7E} = {CAC61C66-F70D-6EED-1762-BBD8FABF8735}
		{6DFB7448-6A58-F2E3-4861-FA3695C93604} = {44662C1F-95F9-4244-B868-D4F0044EE4B5}
		{8466E813-C0EA-48F5-B5AD-E01A00DD7574} = {6DFB7448-6A58-F2E3-4861-FA3695C93604}
		{16FF2C5A-3766-43E8-B55C-74C39F3A5E1F} = {6DFB7448-6A58-F2E3-4861-FA3695C93604}
		{E3B33953-3CB2-4C57-8CA1-7A94E1686C9A} = {6DFB7448-6A58-F2E3-4861-FA3695C93604}
		{D306840B-378A-4BA2-9187-A78199C31DC7} = {6DFB7448-6A58-F2E3-4861-FA3695C93604}
		{BC5FDECA-D045-4B74-BBB3-C1CA13D14EF8} = {399C2832-3AC9-4693-919B-1A5981C1D9D0}
		{638B8440-B671-B492-4B0F-4E9A77FC8FFD} = {44662C1F-95F9-4244-B868-D4F0044EE4B5}
		{8D11B9F6-2961-4AC1-A93F-9EF7017AEA1B} = {638B8440-B671-B492-4B0F-4E9A77FC8FFD}
		{A7929D3C-A077-4C4C-B535-53C69DD46946} = {638B8440-B671-B492-4B0F-4E9A77FC8FFD}
		{558A836A-2BF3-4AC7-B98A-A3799BCD430E} = {638B8440-B671-B492-4B0F-4E9A77FC8FFD}
		{DDF168A9-BCA2-4740-9DA5-3A6C89CC1BA1} = {638B8440-B671-B492-4B0F-4E9A77FC8FFD}
		{E5C7C548-DB89-D0CD-7A06-B5A187FC7B31} = {44662C1F-95F9-4244-B868-D4F0044EE4B5}
		{8F8FBC06-7CAA-4890-BA55-2C360BF11F87} = {E5C7C548-DB89-D0CD-7A06-B5A187FC7B31}
		{870551CD-9FC7-400A-B5AA-B09D89137739} = {E5C7C548-DB89-D0CD-7A06-B5A187FC7B31}
		{79704482-40B5-4212-B633-34ACB3D11E70} = {E5C7C548-DB89-D0CD-7A06-B5A187FC7B31}
		{8F67E41C-24D9-474C-9696-A6B613A8B343} = {E5C7C548-DB89-D0CD-7A06-B5A187FC7B31}
		{F9CD5A98-90B8-2F8C-2EC0-857EF438A219} = {44662C1F-95F9-4244-B868-D4F0044EE4B5}
		{38B2DC42-A00D-4687-8EC4-4B4D72D8C2D6} = {F9CD5A98-90B8-2F8C-2EC0-857EF438A219}
		{B8B59E29-D651-4F3A-B12D-324CA21988CF} = {F9CD5A98-90B8-2F8C-2EC0-857EF438A219}
		{2ACF1CC9-E1FB-473F-8C48-D39C78D07C9B} = {F9CD5A98-90B8-2F8C-2EC0-857EF438A219}
		{676F2A26-E456-445A-B8B4-EB4DB4110241} = {F9CD5A98-90B8-2F8C-2EC0-857EF438A219}
	EndGlobalSection
	GlobalSection(ExtensibilityGlobals) = postSolution
		SolutionGuid = {710B7B2F-9929-4A3D-9E9F-6DC4B0318AE6}
	EndGlobalSection
EndGlobal
